
Microsoft Visual Studio Solution File, Format Version 12.00
# Visual Studio Version 16
VisualStudioVersion = 16.0.30804.86
MinimumVisualStudioVersion = 10.0.40219.1
Project("{FAE04EC0-301F-11D3-BF4B-00C04F79EFBC}") = "WebApplication3", "WebApplication3\WebApplication3.csproj", "{9FD804C6-DB7E-4FDA-B88C-E19614CC8BB8}"
EndProject
Project("{FAE04EC0-301F-11D3-BF4B-00C04F79EFBC}") = "HateoasLibrary", "HateoasLibrary\HateoasLibrary.csproj", "{96A6AA4F-CDCF-403F-A73A-BB28EB568E67}"
EndProject
Global
	GlobalSection(SolutionConfigurationPlatforms) = preSolution
		Debug|Any CPU = Debug|Any CPU
		Release|Any CPU = Release|Any CPU
	EndGlobalSection
	GlobalSection(ProjectConfigurationPlatforms) = postSolution
		{9FD804C6-DB7E-4FDA-B88C-E19614CC8BB8}.Debug|Any CPU.ActiveCfg = Debug|Any CPU
		{9FD804C6-DB7E-4FDA-B88C-E19614CC8BB8}.Debug|Any CPU.Build.0 = Debug|Any CPU
		{9FD804C6-DB7E-4FDA-B88C-E19614CC8BB8}.Release|Any CPU.ActiveCfg = Release|Any CPU
		{9FD804C6-DB7E-4FDA-B88C-E19614CC8BB8}.Release|Any CPU.Build.0 = Release|Any CPU
		{96A6AA4F-CDCF-403F-A73A-BB28EB568E67}.Debug|Any CPU.ActiveCfg = Debug|Any CPU
		{96A6AA4F-CDCF-403F-A73A-BB28EB568E67}.Debug|Any CPU.Build.0 = Debug|Any CPU
		{96A6AA4F-CDCF-403F-A73A-BB28EB568E67}.Release|Any CPU.ActiveCfg = Release|Any CPU
		{96A6AA4F-CDCF-403F-A73A-BB28EB568E67}.Release|Any CPU.Build.0 = Release|Any CPU
	EndGlobalSection
	GlobalSection(SolutionProperties) = preSolution
		HideSolutionNode = FALSE
	EndGlobalSection
	GlobalSection(ExtensibilityGlobals) = postSolution
		SolutionGuid = {DD134BDC-0267-4D68-86DB-48101A895DED}
	EndGlobalSection
EndGlobal
